// !$*UTF8*$!
{
	archiveVersion = 1;
	classes = {
	};
	objectVersion = 46;
	objects = {

/* Begin PBXBuildFile section */
		E221B7BD17D1153400BD232C /* SenTestingKit.framework in Frameworks */ = {isa = PBXBuildFile; fileRef = E221B7BC17D1153400BD232C /* SenTestingKit.framework */; };
		E221B7BE17D1153400BD232C /* UIKit.framework in Frameworks */ = {isa = PBXBuildFile; fileRef = E2BAE45617CE40DF001525ED /* UIKit.framework */; };
		E221B7BF17D1153400BD232C /* Foundation.framework in Frameworks */ = {isa = PBXBuildFile; fileRef = E2BAE45817CE40DF001525ED /* Foundation.framework */; };
		E221B7C517D1153400BD232C /* InfoPlist.strings in Resources */ = {isa = PBXBuildFile; fileRef = E221B7C317D1153400BD232C /* InfoPlist.strings */; };
		E221B7C817D1153400BD232C /* LFParseTests.m in Sources */ = {isa = PBXBuildFile; fileRef = E221B7C717D1153400BD232C /* LFParseTests.m */; };
		E221B7CD17D116BF00BD232C /* LFAPIClient.m in Sources */ = {isa = PBXBuildFile; fileRef = E2BAE4C717CE7EE8001525ED /* LFAPIClient.m */; };
		E221B7CE17D116BF00BD232C /* LFBackend.m in Sources */ = {isa = PBXBuildFile; fileRef = E2BAE4C917CE7EE8001525ED /* LFBackend.m */; };
		E221B7CF17D116BF00BD232C /* LFObject.m in Sources */ = {isa = PBXBuildFile; fileRef = E2BAE4CB17CE7EE8001525ED /* LFObject.m */; };
		E221B7D017D116BF00BD232C /* LFQuery.m in Sources */ = {isa = PBXBuildFile; fileRef = E2BAE4CD17CE7EE8001525ED /* LFQuery.m */; };
		E221B7D117D116BF00BD232C /* AFHTTPClient.m in Sources */ = {isa = PBXBuildFile; fileRef = E2BAE49F17CE4776001525ED /* AFHTTPClient.m */; };
		E221B7D217D116BF00BD232C /* AFHTTPRequestOperation.m in Sources */ = {isa = PBXBuildFile; fileRef = E2BAE4A117CE4776001525ED /* AFHTTPRequestOperation.m */; };
		E221B7D317D116BF00BD232C /* AFImageRequestOperation.m in Sources */ = {isa = PBXBuildFile; fileRef = E2BAE4A317CE4776001525ED /* AFImageRequestOperation.m */; };
		E221B7D417D116BF00BD232C /* AFJSONRequestOperation.m in Sources */ = {isa = PBXBuildFile; fileRef = E2BAE4A517CE4776001525ED /* AFJSONRequestOperation.m */; };
		E221B7D517D116BF00BD232C /* AFNetworkActivityIndicatorManager.m in Sources */ = {isa = PBXBuildFile; fileRef = E2BAE4A717CE4776001525ED /* AFNetworkActivityIndicatorManager.m */; };
		E221B7D617D116BF00BD232C /* AFPropertyListRequestOperation.m in Sources */ = {isa = PBXBuildFile; fileRef = E2BAE4AA17CE4776001525ED /* AFPropertyListRequestOperation.m */; };
		E221B7D717D116BF00BD232C /* AFURLConnectionOperation.m in Sources */ = {isa = PBXBuildFile; fileRef = E2BAE4AC17CE4776001525ED /* AFURLConnectionOperation.m */; };
		E221B7D817D116BF00BD232C /* AFXMLRequestOperation.m in Sources */ = {isa = PBXBuildFile; fileRef = E2BAE4AE17CE4776001525ED /* AFXMLRequestOperation.m */; };
		E221B7D917D116BF00BD232C /* UIImageView+AFNetworking.m in Sources */ = {isa = PBXBuildFile; fileRef = E2BAE4B017CE4776001525ED /* UIImageView+AFNetworking.m */; };
		E221B7DA17D116D900BD232C /* CoreGraphics.framework in Frameworks */ = {isa = PBXBuildFile; fileRef = E2BAE45A17CE40DF001525ED /* CoreGraphics.framework */; };
		E221B7DB17D116E500BD232C /* CFNetwork.framework in Frameworks */ = {isa = PBXBuildFile; fileRef = E2BAE4BA17CE4934001525ED /* CFNetwork.framework */; };
		E221B7DC17D116EF00BD232C /* Security.framework in Frameworks */ = {isa = PBXBuildFile; fileRef = E2BAE4BC17CE4940001525ED /* Security.framework */; };
		E2BAE45717CE40DF001525ED /* UIKit.framework in Frameworks */ = {isa = PBXBuildFile; fileRef = E2BAE45617CE40DF001525ED /* UIKit.framework */; };
		E2BAE45917CE40DF001525ED /* Foundation.framework in Frameworks */ = {isa = PBXBuildFile; fileRef = E2BAE45817CE40DF001525ED /* Foundation.framework */; };
		E2BAE45B17CE40DF001525ED /* CoreGraphics.framework in Frameworks */ = {isa = PBXBuildFile; fileRef = E2BAE45A17CE40DF001525ED /* CoreGraphics.framework */; };
		E2BAE46117CE40DF001525ED /* InfoPlist.strings in Resources */ = {isa = PBXBuildFile; fileRef = E2BAE45F17CE40DF001525ED /* InfoPlist.strings */; };
		E2BAE46317CE40DF001525ED /* main.m in Sources */ = {isa = PBXBuildFile; fileRef = E2BAE46217CE40DF001525ED /* main.m */; };
		E2BAE46717CE40DF001525ED /* LFAppDelegate.m in Sources */ = {isa = PBXBuildFile; fileRef = E2BAE46617CE40DF001525ED /* LFAppDelegate.m */; };
		E2BAE46917CE40DF001525ED /* Default.png in Resources */ = {isa = PBXBuildFile; fileRef = E2BAE46817CE40DF001525ED /* Default.png */; };
		E2BAE46B17CE40DF001525ED /* Default@2x.png in Resources */ = {isa = PBXBuildFile; fileRef = E2BAE46A17CE40DF001525ED /* Default@2x.png */; };
		E2BAE46D17CE40DF001525ED /* Default-568h@2x.png in Resources */ = {isa = PBXBuildFile; fileRef = E2BAE46C17CE40DF001525ED /* Default-568h@2x.png */; };
		E2BAE4B117CE4776001525ED /* AFHTTPClient.m in Sources */ = {isa = PBXBuildFile; fileRef = E2BAE49F17CE4776001525ED /* AFHTTPClient.m */; };
		E2BAE4B217CE4776001525ED /* AFHTTPRequestOperation.m in Sources */ = {isa = PBXBuildFile; fileRef = E2BAE4A117CE4776001525ED /* AFHTTPRequestOperation.m */; };
		E2BAE4B317CE4776001525ED /* AFImageRequestOperation.m in Sources */ = {isa = PBXBuildFile; fileRef = E2BAE4A317CE4776001525ED /* AFImageRequestOperation.m */; };
		E2BAE4B417CE4776001525ED /* AFJSONRequestOperation.m in Sources */ = {isa = PBXBuildFile; fileRef = E2BAE4A517CE4776001525ED /* AFJSONRequestOperation.m */; };
		E2BAE4B517CE4776001525ED /* AFNetworkActivityIndicatorManager.m in Sources */ = {isa = PBXBuildFile; fileRef = E2BAE4A717CE4776001525ED /* AFNetworkActivityIndicatorManager.m */; };
		E2BAE4B617CE4776001525ED /* AFPropertyListRequestOperation.m in Sources */ = {isa = PBXBuildFile; fileRef = E2BAE4AA17CE4776001525ED /* AFPropertyListRequestOperation.m */; };
		E2BAE4B717CE4776001525ED /* AFURLConnectionOperation.m in Sources */ = {isa = PBXBuildFile; fileRef = E2BAE4AC17CE4776001525ED /* AFURLConnectionOperation.m */; };
		E2BAE4B817CE4776001525ED /* AFXMLRequestOperation.m in Sources */ = {isa = PBXBuildFile; fileRef = E2BAE4AE17CE4776001525ED /* AFXMLRequestOperation.m */; };
		E2BAE4B917CE4776001525ED /* UIImageView+AFNetworking.m in Sources */ = {isa = PBXBuildFile; fileRef = E2BAE4B017CE4776001525ED /* UIImageView+AFNetworking.m */; };
		E2BAE4BB17CE4934001525ED /* CFNetwork.framework in Frameworks */ = {isa = PBXBuildFile; fileRef = E2BAE4BA17CE4934001525ED /* CFNetwork.framework */; };
		E2BAE4BD17CE4940001525ED /* Security.framework in Frameworks */ = {isa = PBXBuildFile; fileRef = E2BAE4BC17CE4940001525ED /* Security.framework */; };
		E2BAE4BF17CE5394001525ED /* SystemConfiguration.framework in Frameworks */ = {isa = PBXBuildFile; fileRef = E2BAE4BE17CE5394001525ED /* SystemConfiguration.framework */; };
		E2BAE4C117CE539A001525ED /* MobileCoreServices.framework in Frameworks */ = {isa = PBXBuildFile; fileRef = E2BAE4C017CE539A001525ED /* MobileCoreServices.framework */; };
		E2BAE4CE17CE7EE8001525ED /* LFAPIClient.m in Sources */ = {isa = PBXBuildFile; fileRef = E2BAE4C717CE7EE8001525ED /* LFAPIClient.m */; };
		E2BAE4CF17CE7EE8001525ED /* LFBackend.m in Sources */ = {isa = PBXBuildFile; fileRef = E2BAE4C917CE7EE8001525ED /* LFBackend.m */; };
		E2BAE4D017CE7EE8001525ED /* LFObject.m in Sources */ = {isa = PBXBuildFile; fileRef = E2BAE4CB17CE7EE8001525ED /* LFObject.m */; };
		E2BAE4D117CE7EE8001525ED /* LFQuery.m in Sources */ = {isa = PBXBuildFile; fileRef = E2BAE4CD17CE7EE8001525ED /* LFQuery.m */; };
/* End PBXBuildFile section */

/* Begin PBXFileReference section */
		E221B7BB17D1153400BD232C /* LFParseTests.octest */ = {isa = PBXFileReference; explicitFileType = wrapper.cfbundle; includeInIndex = 0; path = LFParseTests.octest; sourceTree = BUILT_PRODUCTS_DIR; };
		E221B7BC17D1153400BD232C /* SenTestingKit.framework */ = {isa = PBXFileReference; lastKnownFileType = wrapper.framework; name = SenTestingKit.framework; path = Library/Frameworks/SenTestingKit.framework; sourceTree = DEVELOPER_DIR; };
		E221B7C217D1153400BD232C /* LFParseTests-Info.plist */ = {isa = PBXFileReference; lastKnownFileType = text.plist.xml; path = "LFParseTests-Info.plist"; sourceTree = "<group>"; };
		E221B7C417D1153400BD232C /* en */ = {isa = PBXFileReference; lastKnownFileType = text.plist.strings; name = en; path = en.lproj/InfoPlist.strings; sourceTree = "<group>"; };
		E221B7C617D1153400BD232C /* LFParseTests.h */ = {isa = PBXFileReference; lastKnownFileType = sourcecode.c.h; path = LFParseTests.h; sourceTree = "<group>"; };
		E221B7C717D1153400BD232C /* LFParseTests.m */ = {isa = PBXFileReference; lastKnownFileType = sourcecode.c.objc; path = LFParseTests.m; sourceTree = "<group>"; };
		E221B7C917D1153400BD232C /* LFParseTests-Prefix.pch */ = {isa = PBXFileReference; lastKnownFileType = sourcecode.c.h; path = "LFParseTests-Prefix.pch"; sourceTree = "<group>"; };
		E2BAE45317CE40DF001525ED /* LFParse.app */ = {isa = PBXFileReference; explicitFileType = wrapper.application; includeInIndex = 0; path = LFParse.app; sourceTree = BUILT_PRODUCTS_DIR; };
		E2BAE45617CE40DF001525ED /* UIKit.framework */ = {isa = PBXFileReference; lastKnownFileType = wrapper.framework; name = UIKit.framework; path = System/Library/Frameworks/UIKit.framework; sourceTree = SDKROOT; };
		E2BAE45817CE40DF001525ED /* Foundation.framework */ = {isa = PBXFileReference; lastKnownFileType = wrapper.framework; name = Foundation.framework; path = System/Library/Frameworks/Foundation.framework; sourceTree = SDKROOT; };
		E2BAE45A17CE40DF001525ED /* CoreGraphics.framework */ = {isa = PBXFileReference; lastKnownFileType = wrapper.framework; name = CoreGraphics.framework; path = System/Library/Frameworks/CoreGraphics.framework; sourceTree = SDKROOT; };
		E2BAE45E17CE40DF001525ED /* LFParse-Info.plist */ = {isa = PBXFileReference; lastKnownFileType = text.plist.xml; path = "LFParse-Info.plist"; sourceTree = "<group>"; };
		E2BAE46017CE40DF001525ED /* en */ = {isa = PBXFileReference; lastKnownFileType = text.plist.strings; name = en; path = en.lproj/InfoPlist.strings; sourceTree = "<group>"; };
		E2BAE46217CE40DF001525ED /* main.m */ = {isa = PBXFileReference; lastKnownFileType = sourcecode.c.objc; path = main.m; sourceTree = "<group>"; };
		E2BAE46417CE40DF001525ED /* LFParse-Prefix.pch */ = {isa = PBXFileReference; lastKnownFileType = sourcecode.c.h; path = "LFParse-Prefix.pch"; sourceTree = "<group>"; };
		E2BAE46517CE40DF001525ED /* LFAppDelegate.h */ = {isa = PBXFileReference; lastKnownFileType = sourcecode.c.h; path = LFAppDelegate.h; sourceTree = "<group>"; };
		E2BAE46617CE40DF001525ED /* LFAppDelegate.m */ = {isa = PBXFileReference; lastKnownFileType = sourcecode.c.objc; path = LFAppDelegate.m; sourceTree = "<group>"; };
		E2BAE46817CE40DF001525ED /* Default.png */ = {isa = PBXFileReference; lastKnownFileType = image.png; path = Default.png; sourceTree = "<group>"; };
		E2BAE46A17CE40DF001525ED /* Default@2x.png */ = {isa = PBXFileReference; lastKnownFileType = image.png; path = "Default@2x.png"; sourceTree = "<group>"; };
		E2BAE46C17CE40DF001525ED /* Default-568h@2x.png */ = {isa = PBXFileReference; lastKnownFileType = image.png; path = "Default-568h@2x.png"; sourceTree = "<group>"; };
		E2BAE47917CE4259001525ED /* keys.h */ = {isa = PBXFileReference; fileEncoding = 4; lastKnownFileType = sourcecode.c.h; path = keys.h; sourceTree = "<group>"; };
		E2BAE49E17CE4776001525ED /* AFHTTPClient.h */ = {isa = PBXFileReference; fileEncoding = 4; lastKnownFileType = sourcecode.c.h; path = AFHTTPClient.h; sourceTree = "<group>"; };
		E2BAE49F17CE4776001525ED /* AFHTTPClient.m */ = {isa = PBXFileReference; fileEncoding = 4; lastKnownFileType = sourcecode.c.objc; path = AFHTTPClient.m; sourceTree = "<group>"; };
		E2BAE4A017CE4776001525ED /* AFHTTPRequestOperation.h */ = {isa = PBXFileReference; fileEncoding = 4; lastKnownFileType = sourcecode.c.h; path = AFHTTPRequestOperation.h; sourceTree = "<group>"; };
		E2BAE4A117CE4776001525ED /* AFHTTPRequestOperation.m */ = {isa = PBXFileReference; fileEncoding = 4; lastKnownFileType = sourcecode.c.objc; path = AFHTTPRequestOperation.m; sourceTree = "<group>"; };
		E2BAE4A217CE4776001525ED /* AFImageRequestOperation.h */ = {isa = PBXFileReference; fileEncoding = 4; lastKnownFileType = sourcecode.c.h; path = AFImageRequestOperation.h; sourceTree = "<group>"; };
		E2BAE4A317CE4776001525ED /* AFImageRequestOperation.m */ = {isa = PBXFileReference; fileEncoding = 4; lastKnownFileType = sourcecode.c.objc; path = AFImageRequestOperation.m; sourceTree = "<group>"; };
		E2BAE4A417CE4776001525ED /* AFJSONRequestOperation.h */ = {isa = PBXFileReference; fileEncoding = 4; lastKnownFileType = sourcecode.c.h; path = AFJSONRequestOperation.h; sourceTree = "<group>"; };
		E2BAE4A517CE4776001525ED /* AFJSONRequestOperation.m */ = {isa = PBXFileReference; fileEncoding = 4; lastKnownFileType = sourcecode.c.objc; path = AFJSONRequestOperation.m; sourceTree = "<group>"; };
		E2BAE4A617CE4776001525ED /* AFNetworkActivityIndicatorManager.h */ = {isa = PBXFileReference; fileEncoding = 4; lastKnownFileType = sourcecode.c.h; path = AFNetworkActivityIndicatorManager.h; sourceTree = "<group>"; };
		E2BAE4A717CE4776001525ED /* AFNetworkActivityIndicatorManager.m */ = {isa = PBXFileReference; fileEncoding = 4; lastKnownFileType = sourcecode.c.objc; path = AFNetworkActivityIndicatorManager.m; sourceTree = "<group>"; };
		E2BAE4A817CE4776001525ED /* AFNetworking.h */ = {isa = PBXFileReference; fileEncoding = 4; lastKnownFileType = sourcecode.c.h; path = AFNetworking.h; sourceTree = "<group>"; };
		E2BAE4A917CE4776001525ED /* AFPropertyListRequestOperation.h */ = {isa = PBXFileReference; fileEncoding = 4; lastKnownFileType = sourcecode.c.h; path = AFPropertyListRequestOperation.h; sourceTree = "<group>"; };
		E2BAE4AA17CE4776001525ED /* AFPropertyListRequestOperation.m */ = {isa = PBXFileReference; fileEncoding = 4; lastKnownFileType = sourcecode.c.objc; path = AFPropertyListRequestOperation.m; sourceTree = "<group>"; };
		E2BAE4AB17CE4776001525ED /* AFURLConnectionOperation.h */ = {isa = PBXFileReference; fileEncoding = 4; lastKnownFileType = sourcecode.c.h; path = AFURLConnectionOperation.h; sourceTree = "<group>"; };
		E2BAE4AC17CE4776001525ED /* AFURLConnectionOperation.m */ = {isa = PBXFileReference; fileEncoding = 4; lastKnownFileType = sourcecode.c.objc; path = AFURLConnectionOperation.m; sourceTree = "<group>"; };
		E2BAE4AD17CE4776001525ED /* AFXMLRequestOperation.h */ = {isa = PBXFileReference; fileEncoding = 4; lastKnownFileType = sourcecode.c.h; path = AFXMLRequestOperation.h; sourceTree = "<group>"; };
		E2BAE4AE17CE4776001525ED /* AFXMLRequestOperation.m */ = {isa = PBXFileReference; fileEncoding = 4; lastKnownFileType = sourcecode.c.objc; path = AFXMLRequestOperation.m; sourceTree = "<group>"; };
		E2BAE4AF17CE4776001525ED /* UIImageView+AFNetworking.h */ = {isa = PBXFileReference; fileEncoding = 4; lastKnownFileType = sourcecode.c.h; path = "UIImageView+AFNetworking.h"; sourceTree = "<group>"; };
		E2BAE4B017CE4776001525ED /* UIImageView+AFNetworking.m */ = {isa = PBXFileReference; fileEncoding = 4; lastKnownFileType = sourcecode.c.objc; path = "UIImageView+AFNetworking.m"; sourceTree = "<group>"; };
		E2BAE4BA17CE4934001525ED /* CFNetwork.framework */ = {isa = PBXFileReference; lastKnownFileType = wrapper.framework; name = CFNetwork.framework; path = System/Library/Frameworks/CFNetwork.framework; sourceTree = SDKROOT; };
		E2BAE4BC17CE4940001525ED /* Security.framework */ = {isa = PBXFileReference; lastKnownFileType = wrapper.framework; name = Security.framework; path = System/Library/Frameworks/Security.framework; sourceTree = SDKROOT; };
		E2BAE4BE17CE5394001525ED /* SystemConfiguration.framework */ = {isa = PBXFileReference; lastKnownFileType = wrapper.framework; name = SystemConfiguration.framework; path = System/Library/Frameworks/SystemConfiguration.framework; sourceTree = SDKROOT; };
		E2BAE4C017CE539A001525ED /* MobileCoreServices.framework */ = {isa = PBXFileReference; lastKnownFileType = wrapper.framework; name = MobileCoreServices.framework; path = System/Library/Frameworks/MobileCoreServices.framework; sourceTree = SDKROOT; };
		E2BAE4C617CE7EE8001525ED /* LFAPIClient.h */ = {isa = PBXFileReference; fileEncoding = 4; lastKnownFileType = sourcecode.c.h; path = LFAPIClient.h; sourceTree = "<group>"; };
		E2BAE4C717CE7EE8001525ED /* LFAPIClient.m */ = {isa = PBXFileReference; fileEncoding = 4; lastKnownFileType = sourcecode.c.objc; path = LFAPIClient.m; sourceTree = "<group>"; };
		E2BAE4C817CE7EE8001525ED /* LFBackend.h */ = {isa = PBXFileReference; fileEncoding = 4; lastKnownFileType = sourcecode.c.h; path = LFBackend.h; sourceTree = "<group>"; };
		E2BAE4C917CE7EE8001525ED /* LFBackend.m */ = {isa = PBXFileReference; fileEncoding = 4; lastKnownFileType = sourcecode.c.objc; path = LFBackend.m; sourceTree = "<group>"; };
		E2BAE4CA17CE7EE8001525ED /* LFObject.h */ = {isa = PBXFileReference; fileEncoding = 4; lastKnownFileType = sourcecode.c.h; path = LFObject.h; sourceTree = "<group>"; };
		E2BAE4CB17CE7EE8001525ED /* LFObject.m */ = {isa = PBXFileReference; fileEncoding = 4; lastKnownFileType = sourcecode.c.objc; path = LFObject.m; sourceTree = "<group>"; };
		E2BAE4CC17CE7EE8001525ED /* LFQuery.h */ = {isa = PBXFileReference; fileEncoding = 4; lastKnownFileType = sourcecode.c.h; path = LFQuery.h; sourceTree = "<group>"; };
		E2BAE4CD17CE7EE8001525ED /* LFQuery.m */ = {isa = PBXFileReference; fileEncoding = 4; lastKnownFileType = sourcecode.c.objc; path = LFQuery.m; sourceTree = "<group>"; };
/* End PBXFileReference section */

/* Begin PBXFrameworksBuildPhase section */
		E221B7B717D1153400BD232C /* Frameworks */ = {
			isa = PBXFrameworksBuildPhase;
			buildActionMask = 2147483647;
			files = (
				E221B7DC17D116EF00BD232C /* Security.framework in Frameworks */,
				E221B7DB17D116E500BD232C /* CFNetwork.framework in Frameworks */,
				E221B7DA17D116D900BD232C /* CoreGraphics.framework in Frameworks */,
				E221B7BD17D1153400BD232C /* SenTestingKit.framework in Frameworks */,
				E221B7BE17D1153400BD232C /* UIKit.framework in Frameworks */,
				E221B7BF17D1153400BD232C /* Foundation.framework in Frameworks */,
			);
			runOnlyForDeploymentPostprocessing = 0;
		};
		E2BAE45017CE40DF001525ED /* Frameworks */ = {
			isa = PBXFrameworksBuildPhase;
			buildActionMask = 2147483647;
			files = (
				E2BAE4C117CE539A001525ED /* MobileCoreServices.framework in Frameworks */,
				E2BAE4BF17CE5394001525ED /* SystemConfiguration.framework in Frameworks */,
				E2BAE4BD17CE4940001525ED /* Security.framework in Frameworks */,
				E2BAE4BB17CE4934001525ED /* CFNetwork.framework in Frameworks */,
				E2BAE45717CE40DF001525ED /* UIKit.framework in Frameworks */,
				E2BAE45917CE40DF001525ED /* Foundation.framework in Frameworks */,
				E2BAE45B17CE40DF001525ED /* CoreGraphics.framework in Frameworks */,
			);
			runOnlyForDeploymentPostprocessing = 0;
		};
/* End PBXFrameworksBuildPhase section */

/* Begin PBXGroup section */
		E221B7C017D1153400BD232C /* LFParseTests */ = {
			isa = PBXGroup;
			children = (
				E221B7C617D1153400BD232C /* LFParseTests.h */,
				E221B7C717D1153400BD232C /* LFParseTests.m */,
				E221B7C117D1153400BD232C /* Supporting Files */,
			);
			path = LFParseTests;
			sourceTree = "<group>";
		};
		E221B7C117D1153400BD232C /* Supporting Files */ = {
			isa = PBXGroup;
			children = (
				E221B7C217D1153400BD232C /* LFParseTests-Info.plist */,
				E221B7C317D1153400BD232C /* InfoPlist.strings */,
				E221B7C917D1153400BD232C /* LFParseTests-Prefix.pch */,
			);
			name = "Supporting Files";
			sourceTree = "<group>";
		};
		E2BAE44A17CE40DF001525ED = {
			isa = PBXGroup;
			children = (
				E2BAE45C17CE40DF001525ED /* LFParse */,
				E221B7C017D1153400BD232C /* LFParseTests */,
				E2BAE45517CE40DF001525ED /* Frameworks */,
				E2BAE45417CE40DF001525ED /* Products */,
			);
			sourceTree = "<group>";
		};
		E2BAE45417CE40DF001525ED /* Products */ = {
			isa = PBXGroup;
			children = (
				E2BAE45317CE40DF001525ED /* LFParse.app */,
				E221B7BB17D1153400BD232C /* LFParseTests.octest */,
			);
			name = Products;
			sourceTree = "<group>";
		};
		E2BAE45517CE40DF001525ED /* Frameworks */ = {
			isa = PBXGroup;
			children = (
				E2BAE4C017CE539A001525ED /* MobileCoreServices.framework */,
				E2BAE4BE17CE5394001525ED /* SystemConfiguration.framework */,
				E2BAE4BC17CE4940001525ED /* Security.framework */,
				E2BAE4BA17CE4934001525ED /* CFNetwork.framework */,
				E2BAE45617CE40DF001525ED /* UIKit.framework */,
				E2BAE45817CE40DF001525ED /* Foundation.framework */,
				E2BAE45A17CE40DF001525ED /* CoreGraphics.framework */,
				E221B7BC17D1153400BD232C /* SenTestingKit.framework */,
			);
			name = Frameworks;
			sourceTree = "<group>";
		};
		E2BAE45C17CE40DF001525ED /* LFParse */ = {
			isa = PBXGroup;
			children = (
				E2BAE4C517CE7EE8001525ED /* Classes */,
				E2BAE45D17CE40DF001525ED /* Supporting Files */,
				E2BAE47F17CE4714001525ED /* libs */,
				E2BAE47917CE4259001525ED /* keys.h */,
				E2BAE46517CE40DF001525ED /* LFAppDelegate.h */,
				E2BAE46617CE40DF001525ED /* LFAppDelegate.m */,
			);
			path = LFParse;
			sourceTree = "<group>";
		};
		E2BAE45D17CE40DF001525ED /* Supporting Files */ = {
			isa = PBXGroup;
			children = (
				E2BAE45E17CE40DF001525ED /* LFParse-Info.plist */,
				E2BAE45F17CE40DF001525ED /* InfoPlist.strings */,
				E2BAE46217CE40DF001525ED /* main.m */,
				E2BAE46417CE40DF001525ED /* LFParse-Prefix.pch */,
				E2BAE46817CE40DF001525ED /* Default.png */,
				E2BAE46A17CE40DF001525ED /* Default@2x.png */,
				E2BAE46C17CE40DF001525ED /* Default-568h@2x.png */,
			);
			name = "Supporting Files";
			sourceTree = "<group>";
		};
		E2BAE47F17CE4714001525ED /* libs */ = {
			isa = PBXGroup;
			children = (
				E2BAE49D17CE4776001525ED /* AFNetworking */,
			);
			name = libs;
			sourceTree = "<group>";
		};
		E2BAE49D17CE4776001525ED /* AFNetworking */ = {
			isa = PBXGroup;
			children = (
				E2BAE49E17CE4776001525ED /* AFHTTPClient.h */,
				E2BAE49F17CE4776001525ED /* AFHTTPClient.m */,
				E2BAE4A017CE4776001525ED /* AFHTTPRequestOperation.h */,
				E2BAE4A117CE4776001525ED /* AFHTTPRequestOperation.m */,
				E2BAE4A217CE4776001525ED /* AFImageRequestOperation.h */,
				E2BAE4A317CE4776001525ED /* AFImageRequestOperation.m */,
				E2BAE4A417CE4776001525ED /* AFJSONRequestOperation.h */,
				E2BAE4A517CE4776001525ED /* AFJSONRequestOperation.m */,
				E2BAE4A617CE4776001525ED /* AFNetworkActivityIndicatorManager.h */,
				E2BAE4A717CE4776001525ED /* AFNetworkActivityIndicatorManager.m */,
				E2BAE4A817CE4776001525ED /* AFNetworking.h */,
				E2BAE4A917CE4776001525ED /* AFPropertyListRequestOperation.h */,
				E2BAE4AA17CE4776001525ED /* AFPropertyListRequestOperation.m */,
				E2BAE4AB17CE4776001525ED /* AFURLConnectionOperation.h */,
				E2BAE4AC17CE4776001525ED /* AFURLConnectionOperation.m */,
				E2BAE4AD17CE4776001525ED /* AFXMLRequestOperation.h */,
				E2BAE4AE17CE4776001525ED /* AFXMLRequestOperation.m */,
				E2BAE4AF17CE4776001525ED /* UIImageView+AFNetworking.h */,
				E2BAE4B017CE4776001525ED /* UIImageView+AFNetworking.m */,
			);
			name = AFNetworking;
			path = libs/AFNetworking;
			sourceTree = SOURCE_ROOT;
		};
		E2BAE4C517CE7EE8001525ED /* Classes */ = {
			isa = PBXGroup;
			children = (
				E2BAE4C617CE7EE8001525ED /* LFAPIClient.h */,
				E2BAE4C717CE7EE8001525ED /* LFAPIClient.m */,
				E2BAE4C817CE7EE8001525ED /* LFBackend.h */,
				E2BAE4C917CE7EE8001525ED /* LFBackend.m */,
				E2BAE4CA17CE7EE8001525ED /* LFObject.h */,
				E2BAE4CB17CE7EE8001525ED /* LFObject.m */,
				E2BAE4CC17CE7EE8001525ED /* LFQuery.h */,
				E2BAE4CD17CE7EE8001525ED /* LFQuery.m */,
			);
			path = Classes;
			sourceTree = SOURCE_ROOT;
		};
/* End PBXGroup section */

/* Begin PBXNativeTarget section */
		E221B7BA17D1153400BD232C /* LFParseTests */ = {
			isa = PBXNativeTarget;
			buildConfigurationList = E221B7CC17D1153400BD232C /* Build configuration list for PBXNativeTarget "LFParseTests" */;
			buildPhases = (
				E221B7B617D1153400BD232C /* Sources */,
				E221B7B717D1153400BD232C /* Frameworks */,
				E221B7B817D1153400BD232C /* Resources */,
				E221B7B917D1153400BD232C /* ShellScript */,
			);
			buildRules = (
			);
			dependencies = (
			);
			name = LFParseTests;
			productName = LFParseTests;
			productReference = E221B7BB17D1153400BD232C /* LFParseTests.octest */;
			productType = "com.apple.product-type.bundle";
		};
		E2BAE45217CE40DF001525ED /* LFParse */ = {
			isa = PBXNativeTarget;
			buildConfigurationList = E2BAE47017CE40DF001525ED /* Build configuration list for PBXNativeTarget "LFParse" */;
			buildPhases = (
				E2BAE44F17CE40DF001525ED /* Sources */,
				E2BAE45017CE40DF001525ED /* Frameworks */,
				E2BAE45117CE40DF001525ED /* Resources */,
			);
			buildRules = (
			);
			dependencies = (
			);
			name = LFParse;
			productName = LFParse;
			productReference = E2BAE45317CE40DF001525ED /* LFParse.app */;
			productType = "com.apple.product-type.application";
		};
/* End PBXNativeTarget section */

/* Begin PBXProject section */
		E2BAE44B17CE40DF001525ED /* Project object */ = {
			isa = PBXProject;
			attributes = {
				CLASSPREFIX = LF;
				LastUpgradeCheck = 0460;
				ORGANIZATIONNAME = lucho;
			};
			buildConfigurationList = E2BAE44E17CE40DF001525ED /* Build configuration list for PBXProject "LFParse" */;
			compatibilityVersion = "Xcode 3.2";
			developmentRegion = English;
			hasScannedForEncodings = 0;
			knownRegions = (
				en,
			);
			mainGroup = E2BAE44A17CE40DF001525ED;
			productRefGroup = E2BAE45417CE40DF001525ED /* Products */;
			projectDirPath = "";
			projectRoot = "";
			targets = (
				E2BAE45217CE40DF001525ED /* LFParse */,
				E221B7BA17D1153400BD232C /* LFParseTests */,
			);
		};
/* End PBXProject section */

/* Begin PBXResourcesBuildPhase section */
		E221B7B817D1153400BD232C /* Resources */ = {
			isa = PBXResourcesBuildPhase;
			buildActionMask = 2147483647;
			files = (
				E221B7C517D1153400BD232C /* InfoPlist.strings in Resources */,
			);
			runOnlyForDeploymentPostprocessing = 0;
		};
		E2BAE45117CE40DF001525ED /* Resources */ = {
			isa = PBXResourcesBuildPhase;
			buildActionMask = 2147483647;
			files = (
				E2BAE46117CE40DF001525ED /* InfoPlist.strings in Resources */,
				E2BAE46917CE40DF001525ED /* Default.png in Resources */,
				E2BAE46B17CE40DF001525ED /* Default@2x.png in Resources */,
				E2BAE46D17CE40DF001525ED /* Default-568h@2x.png in Resources */,
			);
			runOnlyForDeploymentPostprocessing = 0;
		};
/* End PBXResourcesBuildPhase section */

/* Begin PBXShellScriptBuildPhase section */
		E221B7B917D1153400BD232C /* ShellScript */ = {
			isa = PBXShellScriptBuildPhase;
			buildActionMask = 2147483647;
			files = (
			);
			inputPaths = (
			);
			outputPaths = (
			);
			runOnlyForDeploymentPostprocessing = 0;
			shellPath = /bin/sh;
			shellScript = "# Run the unit tests in this test bundle.\n\"${SYSTEM_DEVELOPER_DIR}/Tools/RunUnitTests\"\n";
		};
/* End PBXShellScriptBuildPhase section */

/* Begin PBXSourcesBuildPhase section */
		E221B7B617D1153400BD232C /* Sources */ = {
			isa = PBXSourcesBuildPhase;
			buildActionMask = 2147483647;
			files = (
				E221B7CD17D116BF00BD232C /* LFAPIClient.m in Sources */,
				E221B7CE17D116BF00BD232C /* LFBackend.m in Sources */,
				E221B7CF17D116BF00BD232C /* LFObject.m in Sources */,
				E221B7D017D116BF00BD232C /* LFQuery.m in Sources */,
				E221B7D117D116BF00BD232C /* AFHTTPClient.m in Sources */,
				E221B7D217D116BF00BD232C /* AFHTTPRequestOperation.m in Sources */,
				E221B7D317D116BF00BD232C /* AFImageRequestOperation.m in Sources */,
				E221B7D417D116BF00BD232C /* AFJSONRequestOperation.m in Sources */,
				E221B7D517D116BF00BD232C /* AFNetworkActivityIndicatorManager.m in Sources */,
				E221B7D617D116BF00BD232C /* AFPropertyListRequestOperation.m in Sources */,
				E221B7D717D116BF00BD232C /* AFURLConnectionOperation.m in Sources */,
				E221B7D817D116BF00BD232C /* AFXMLRequestOperation.m in Sources */,
				E221B7D917D116BF00BD232C /* UIImageView+AFNetworking.m in Sources */,
				E221B7C817D1153400BD232C /* LFParseTests.m in Sources */,
			);
			runOnlyForDeploymentPostprocessing = 0;
		};
		E2BAE44F17CE40DF001525ED /* Sources */ = {
			isa = PBXSourcesBuildPhase;
			buildActionMask = 2147483647;
			files = (
				E2BAE46317CE40DF001525ED /* main.m in Sources */,
				E2BAE46717CE40DF001525ED /* LFAppDelegate.m in Sources */,
				E2BAE4B117CE4776001525ED /* AFHTTPClient.m in Sources */,
				E2BAE4B217CE4776001525ED /* AFHTTPRequestOperation.m in Sources */,
				E2BAE4B317CE4776001525ED /* AFImageRequestOperation.m in Sources */,
				E2BAE4B417CE4776001525ED /* AFJSONRequestOperation.m in Sources */,
				E2BAE4B517CE4776001525ED /* AFNetworkActivityIndicatorManager.m in Sources */,
				E2BAE4B617CE4776001525ED /* AFPropertyListRequestOperation.m in Sources */,
				E2BAE4B717CE4776001525ED /* AFURLConnectionOperation.m in Sources */,
				E2BAE4B817CE4776001525ED /* AFXMLRequestOperation.m in Sources */,
				E2BAE4B917CE4776001525ED /* UIImageView+AFNetworking.m in Sources */,
				E2BAE4CE17CE7EE8001525ED /* LFAPIClient.m in Sources */,
				E2BAE4CF17CE7EE8001525ED /* LFBackend.m in Sources */,
				E2BAE4D017CE7EE8001525ED /* LFObject.m in Sources */,
				E2BAE4D117CE7EE8001525ED /* LFQuery.m in Sources */,
			);
			runOnlyForDeploymentPostprocessing = 0;
		};
/* End PBXSourcesBuildPhase section */

/* Begin PBXVariantGroup section */
		E221B7C317D1153400BD232C /* InfoPlist.strings */ = {
			isa = PBXVariantGroup;
			children = (
				E221B7C417D1153400BD232C /* en */,
			);
			name = InfoPlist.strings;
			sourceTree = "<group>";
		};
		E2BAE45F17CE40DF001525ED /* InfoPlist.strings */ = {
			isa = PBXVariantGroup;
			children = (
				E2BAE46017CE40DF001525ED /* en */,
			);
			name = InfoPlist.strings;
			sourceTree = "<group>";
		};
/* End PBXVariantGroup section */

/* Begin XCBuildConfiguration section */
		E221B7CA17D1153400BD232C /* Debug */ = {
			isa = XCBuildConfiguration;
			buildSettings = {
				FRAMEWORK_SEARCH_PATHS = (
					"\"$(SDKROOT)/Developer/Library/Frameworks\"",
					"\"$(DEVELOPER_LIBRARY_DIR)/Frameworks\"",
				);
				GCC_PRECOMPILE_PREFIX_HEADER = YES;
				GCC_PREFIX_HEADER = "LFParseTests/LFParseTests-Prefix.pch";
				INFOPLIST_FILE = "LFParseTests/LFParseTests-Info.plist";
				PRODUCT_NAME = "$(TARGET_NAME)";
				WRAPPER_EXTENSION = octest;
			};
			name = Debug;
		};
		E221B7CB17D1153400BD232C /* Release */ = {
			isa = XCBuildConfiguration;
			buildSettings = {
				FRAMEWORK_SEARCH_PATHS = (
					"\"$(SDKROOT)/Developer/Library/Frameworks\"",
					"\"$(DEVELOPER_LIBRARY_DIR)/Frameworks\"",
				);
				GCC_PRECOMPILE_PREFIX_HEADER = YES;
				GCC_PREFIX_HEADER = "LFParseTests/LFParseTests-Prefix.pch";
				INFOPLIST_FILE = "LFParseTests/LFParseTests-Info.plist";
				PRODUCT_NAME = "$(TARGET_NAME)";
				WRAPPER_EXTENSION = octest;
			};
			name = Release;
		};
		E2BAE46E17CE40DF001525ED /* Debug */ = {
			isa = XCBuildConfiguration;
			buildSettings = {
				ALWAYS_SEARCH_USER_PATHS = NO;
				CLANG_CXX_LANGUAGE_STANDARD = "gnu++0x";
				CLANG_CXX_LIBRARY = "libc++";
				CLANG_ENABLE_OBJC_ARC = YES;
				CLANG_WARN_CONSTANT_CONVERSION = YES;
				CLANG_WARN_EMPTY_BODY = YES;
				CLANG_WARN_ENUM_CONVERSION = YES;
				CLANG_WARN_INT_CONVERSION = YES;
				CLANG_WARN__DUPLICATE_METHOD_MATCH = YES;
				"CODE_SIGN_IDENTITY[sdk=iphoneos*]" = "iPhone Developer";
				COPY_PHASE_STRIP = NO;
				GCC_C_LANGUAGE_STANDARD = gnu99;
				GCC_DYNAMIC_NO_PIC = NO;
				GCC_OPTIMIZATION_LEVEL = 0;
				GCC_PREPROCESSOR_DEFINITIONS = (
					"DEBUG=1",
					"$(inherited)",
				);
				GCC_SYMBOLS_PRIVATE_EXTERN = NO;
				GCC_WARN_ABOUT_RETURN_TYPE = YES;
				GCC_WARN_UNINITIALIZED_AUTOS = YES;
				GCC_WARN_UNUSED_VARIABLE = YES;
				IPHONEOS_DEPLOYMENT_TARGET = 6.1;
				ONLY_ACTIVE_ARCH = YES;
				SDKROOT = iphoneos;
				TARGETED_DEVICE_FAMILY = "1,2";
			};
			name = Debug;
		};
		E2BAE46F17CE40DF001525ED /* Release */ = {
			isa = XCBuildConfiguration;
			buildSettings = {
				ALWAYS_SEARCH_USER_PATHS = NO;
				CLANG_CXX_LANGUAGE_STANDARD = "gnu++0x";
				CLANG_CXX_LIBRARY = "libc++";
				CLANG_ENABLE_OBJC_ARC = YES;
				CLANG_WARN_CONSTANT_CONVERSION = YES;
				CLANG_WARN_EMPTY_BODY = YES;
				CLANG_WARN_ENUM_CONVERSION = YES;
				CLANG_WARN_INT_CONVERSION = YES;
				CLANG_WARN__DUPLICATE_METHOD_MATCH = YES;
				"CODE_SIGN_IDENTITY[sdk=iphoneos*]" = "iPhone Developer";
				COPY_PHASE_STRIP = YES;
				GCC_C_LANGUAGE_STANDARD = gnu99;
				GCC_WARN_ABOUT_RETURN_TYPE = YES;
				GCC_WARN_UNINITIALIZED_AUTOS = YES;
				GCC_WARN_UNUSED_VARIABLE = YES;
				IPHONEOS_DEPLOYMENT_TARGET = 6.1;
				OTHER_CFLAGS = "-DNS_BLOCK_ASSERTIONS=1";
				SDKROOT = iphoneos;
				TARGETED_DEVICE_FAMILY = "1,2";
				VALIDATE_PRODUCT = YES;
			};
			name = Release;
		};
		E2BAE47117CE40DF001525ED /* Debug */ = {
			isa = XCBuildConfiguration;
			buildSettings = {
				FRAMEWORK_SEARCH_PATHS = (
					"$(inherited)",
					"\"$(SRCROOT)/libs\"",
				);
				GCC_PRECOMPILE_PREFIX_HEADER = YES;
				GCC_PREFIX_HEADER = "LFParse/LFParse-Prefix.pch";
				INFOPLIST_FILE = "LFParse/LFParse-Info.plist";
				PRODUCT_NAME = "$(TARGET_NAME)";
				WRAPPER_EXTENSION = app;
			};
			name = Debug;
		};
		E2BAE47217CE40DF001525ED /* Release */ = {
			isa = XCBuildConfiguration;
			buildSettings = {
				FRAMEWORK_SEARCH_PATHS = (
					"$(inherited)",
					"\"$(SRCROOT)/libs\"",
				);
				GCC_PRECOMPILE_PREFIX_HEADER = YES;
				GCC_PREFIX_HEADER = "LFParse/LFParse-Prefix.pch";
				INFOPLIST_FILE = "LFParse/LFParse-Info.plist";
				PRODUCT_NAME = "$(TARGET_NAME)";
				WRAPPER_EXTENSION = app;
			};
			name = Release;
		};
/* End XCBuildConfiguration section */

/* Begin XCConfigurationList section */
		E221B7CC17D1153400BD232C /* Build configuration list for PBXNativeTarget "LFParseTests" */ = {
			isa = XCConfigurationList;
			buildConfigurations = (
				E221B7CA17D1153400BD232C /* Debug */,
				E221B7CB17D1153400BD232C /* Release */,
			);
			defaultConfigurationIsVisible = 0;
		};
		E2BAE44E17CE40DF001525ED /* Build configuration list for PBXProject "LFParse" */ = {
			isa = XCConfigurationList;
			buildConfigurations = (
				E2BAE46E17CE40DF001525ED /* Debug */,
				E2BAE46F17CE40DF001525ED /* Release */,
			);
			defaultConfigurationIsVisible = 0;
			defaultConfigurationName = Release;
		};
		E2BAE47017CE40DF001525ED /* Build configuration list for PBXNativeTarget "LFParse" */ = {
			isa = XCConfigurationList;
			buildConfigurations = (
				E2BAE47117CE40DF001525ED /* Debug */,
				E2BAE47217CE40DF001525ED /* Release */,
			);
			defaultConfigurationIsVisible = 0;
			defaultConfigurationName = Release;
		};
/* End XCConfigurationList section */
	};
	rootObject = E2BAE44B17CE40DF001525ED /* Project object */;
}
